
Microsoft Visual Studio Solution File, Format Version 12.00
# Visual Studio Version 16
VisualStudioVersion = 16.0.29709.97
MinimumVisualStudioVersion = 10.0.40219.1
Project("{9A19103F-16F7-4668-BE54-9A1E7A4F7556}") = "PeripheralTech.WebAPI", "PeripheralTech.WebAPI\PeripheralTech.WebAPI.csproj", "{A38ACA22-072C-4E76-A54F-101EAE1CDD0E}"
EndProject
Project("{9A19103F-16F7-4668-BE54-9A1E7A4F7556}") = "PeripheralTech.Model", "PeripheralTech.Model\PeripheralTech.Model.csproj", "{E741D685-A80E-473E-95AC-72D2EE0AF4C1}"
EndProject
Project("{2150E333-8FDC-42A3-9474-1A3956D46DE8}") = "UI", "UI", "{B0931FE5-2243-4DE9-8FC0-74AAAD852D91}"
EndProject
Project("{FAE04EC0-301F-11D3-BF4B-00C04F79EFBC}") = "PeripheralTech.WinUI", "PeripheralTech.WinUI\PeripheralTech.WinUI.csproj", "{86A88E44-02A7-427B-8AA8-A47EFB765D38}"
EndProject
Project("{2150E333-8FDC-42A3-9474-1A3956D46DE8}") = "Mobile", "Mobile", "{F472EAD4-E2E1-444B-BD3C-71FCEF57573B}"
EndProject
Project("{FAE04EC0-301F-11D3-BF4B-00C04F79EFBC}") = "PeripheralTech.Mobile.UWP", "PeripheralTech.Mobile\PeripheralTech.Mobile.UWP\PeripheralTech.Mobile.UWP.csproj", "{AF6855F8-E22B-4F7C-AA3C-B28D09F18A02}"
EndProject
Project("{FAE04EC0-301F-11D3-BF4B-00C04F79EFBC}") = "PeripheralTech.Mobile.Android", "PeripheralTech.Mobile\PeripheralTech.Mobile.Android\PeripheralTech.Mobile.Android.csproj", "{2B7FA9FB-AD4F-427D-A08A-5297FC7CD9E1}"
EndProject
Project("{FAE04EC0-301F-11D3-BF4B-00C04F79EFBC}") = "PeripheralTech.Mobile.iOS", "PeripheralTech.Mobile\PeripheralTech.Mobile.iOS\PeripheralTech.Mobile.iOS.csproj", "{7E16735C-6EA4-4154-B9BE-0E2036F92B0A}"
EndProject
Project("{9A19103F-16F7-4668-BE54-9A1E7A4F7556}") = "PeripheralTech.Mobile", "PeripheralTech.Mobile\PeripheralTech.Mobile\PeripheralTech.Mobile.csproj", "{0812F701-8B42-4A17-B08C-71F18286B7F2}"
EndProject
Global
	GlobalSection(SolutionConfigurationPlatforms) = preSolution
		Debug|Any CPU = Debug|Any CPU
		Debug|ARM = Debug|ARM
		Debug|iPhone = Debug|iPhone
		Debug|iPhoneSimulator = Debug|iPhoneSimulator
		Debug|x64 = Debug|x64
		Debug|x86 = Debug|x86
		Release|Any CPU = Release|Any CPU
		Release|ARM = Release|ARM
		Release|iPhone = Release|iPhone
		Release|iPhoneSimulator = Release|iPhoneSimulator
		Release|x64 = Release|x64
		Release|x86 = Release|x86
	EndGlobalSection
	GlobalSection(ProjectConfigurationPlatforms) = postSolution
		{A38ACA22-072C-4E76-A54F-101EAE1CDD0E}.Debug|Any CPU.ActiveCfg = Debug|Any CPU
		{A38ACA22-072C-4E76-A54F-101EAE1CDD0E}.Debug|Any CPU.Build.0 = Debug|Any CPU
		{A38ACA22-072C-4E76-A54F-101EAE1CDD0E}.Debug|ARM.ActiveCfg = Debug|Any CPU
		{A38ACA22-072C-4E76-A54F-101EAE1CDD0E}.Debug|ARM.Build.0 = Debug|Any CPU
		{A38ACA22-072C-4E76-A54F-101EAE1CDD0E}.Debug|iPhone.ActiveCfg = Debug|Any CPU
		{A38ACA22-072C-4E76-A54F-101EAE1CDD0E}.Debug|iPhone.Build.0 = Debug|Any CPU
		{A38ACA22-072C-4E76-A54F-101EAE1CDD0E}.Debug|iPhoneSimulator.ActiveCfg = Debug|Any CPU
		{A38ACA22-072C-4E76-A54F-101EAE1CDD0E}.Debug|iPhoneSimulator.Build.0 = Debug|Any CPU
		{A38ACA22-072C-4E76-A54F-101EAE1CDD0E}.Debug|x64.ActiveCfg = Debug|Any CPU
		{A38ACA22-072C-4E76-A54F-101EAE1CDD0E}.Debug|x64.Build.0 = Debug|Any CPU
		{A38ACA22-072C-4E76-A54F-101EAE1CDD0E}.Debug|x86.ActiveCfg = Debug|Any CPU
		{A38ACA22-072C-4E76-A54F-101EAE1CDD0E}.Debug|x86.Build.0 = Debug|Any CPU
		{A38ACA22-072C-4E76-A54F-101EAE1CDD0E}.Release|Any CPU.ActiveCfg = Release|Any CPU
		{A38ACA22-072C-4E76-A54F-101EAE1CDD0E}.Release|Any CPU.Build.0 = Release|Any CPU
		{A38ACA22-072C-4E76-A54F-101EAE1CDD0E}.Release|ARM.ActiveCfg = Release|Any CPU
		{A38ACA22-072C-4E76-A54F-101EAE1CDD0E}.Release|ARM.Build.0 = Release|Any CPU
		{A38ACA22-072C-4E76-A54F-101EAE1CDD0E}.Release|iPhone.ActiveCfg = Release|Any CPU
		{A38ACA22-072C-4E76-A54F-101EAE1CDD0E}.Release|iPhone.Build.0 = Release|Any CPU
		{A38ACA22-072C-4E76-A54F-101EAE1CDD0E}.Release|iPhoneSimulator.ActiveCfg = Release|Any CPU
		{A38ACA22-072C-4E76-A54F-101EAE1CDD0E}.Release|iPhoneSimulator.Build.0 = Release|Any CPU
		{A38ACA22-072C-4E76-A54F-101EAE1CDD0E}.Release|x64.ActiveCfg = Release|Any CPU
		{A38ACA22-072C-4E76-A54F-101EAE1CDD0E}.Release|x64.Build.0 = Release|Any CPU
		{A38ACA22-072C-4E76-A54F-101EAE1CDD0E}.Release|x86.ActiveCfg = Release|Any CPU
		{A38ACA22-072C-4E76-A54F-101EAE1CDD0E}.Release|x86.Build.0 = Release|Any CPU
		{E741D685-A80E-473E-95AC-72D2EE0AF4C1}.Debug|Any CPU.ActiveCfg = Debug|Any CPU
		{E741D685-A80E-473E-95AC-72D2EE0AF4C1}.Debug|Any CPU.Build.0 = Debug|Any CPU
		{E741D685-A80E-473E-95AC-72D2EE0AF4C1}.Debug|ARM.ActiveCfg = Debug|Any CPU
		{E741D685-A80E-473E-95AC-72D2EE0AF4C1}.Debug|ARM.Build.0 = Debug|Any CPU
		{E741D685-A80E-473E-95AC-72D2EE0AF4C1}.Debug|iPhone.ActiveCfg = Debug|Any CPU
		{E741D685-A80E-473E-95AC-72D2EE0AF4C1}.Debug|iPhone.Build.0 = Debug|Any CPU
		{E741D685-A80E-473E-95AC-72D2EE0AF4C1}.Debug|iPhoneSimulator.ActiveCfg = Debug|Any CPU
		{E741D685-A80E-473E-95AC-72D2EE0AF4C1}.Debug|iPhoneSimulator.Build.0 = Debug|Any CPU
		{E741D685-A80E-473E-95AC-72D2EE0AF4C1}.Debug|x64.ActiveCfg = Debug|Any CPU
		{E741D685-A80E-473E-95AC-72D2EE0AF4C1}.Debug|x64.Build.0 = Debug|Any CPU
		{E741D685-A80E-473E-95AC-72D2EE0AF4C1}.Debug|x86.ActiveCfg = Debug|Any CPU
		{E741D685-A80E-473E-95AC-72D2EE0AF4C1}.Debug|x86.Build.0 = Debug|Any CPU
		{E741D685-A80E-473E-95AC-72D2EE0AF4C1}.Release|Any CPU.ActiveCfg = Release|Any CPU
		{E741D685-A80E-473E-95AC-72D2EE0AF4C1}.Release|Any CPU.Build.0 = Release|Any CPU
		{E741D685-A80E-473E-95AC-72D2EE0AF4C1}.Release|ARM.ActiveCfg = Release|Any CPU
		{E741D685-A80E-473E-95AC-72D2EE0AF4C1}.Release|ARM.Build.0 = Release|Any CPU
		{E741D685-A80E-473E-95AC-72D2EE0AF4C1}.Release|iPhone.ActiveCfg = Release|Any CPU
		{E741D685-A80E-473E-95AC-72D2EE0AF4C1}.Release|iPhone.Build.0 = Release|Any CPU
		{E741D685-A80E-473E-95AC-72D2EE0AF4C1}.Release|iPhoneSimulator.ActiveCfg = Release|Any CPU
		{E741D685-A80E-473E-95AC-72D2EE0AF4C1}.Release|iPhoneSimulator.Build.0 = Release|Any CPU
		{E741D685-A80E-473E-95AC-72D2EE0AF4C1}.Release|x64.ActiveCfg = Release|Any CPU
		{E741D685-A80E-473E-95AC-72D2EE0AF4C1}.Release|x64.Build.0 = Release|Any CPU
		{E741D685-A80E-473E-95AC-72D2EE0AF4C1}.Release|x86.ActiveCfg = Release|Any CPU
		{E741D685-A80E-473E-95AC-72D2EE0AF4C1}.Release|x86.Build.0 = Release|Any CPU
		{86A88E44-02A7-427B-8AA8-A47EFB765D38}.Debug|Any CPU.ActiveCfg = Debug|Any CPU
		{86A88E44-02A7-427B-8AA8-A47EFB765D38}.Debug|Any CPU.Build.0 = Debug|Any CPU
		{86A88E44-02A7-427B-8AA8-A47EFB765D38}.Debug|ARM.ActiveCfg = Debug|Any CPU
		{86A88E44-02A7-427B-8AA8-A47EFB765D38}.Debug|ARM.Build.0 = Debug|Any CPU
		{86A88E44-02A7-427B-8AA8-A47EFB765D38}.Debug|iPhone.ActiveCfg = Debug|Any CPU
		{86A88E44-02A7-427B-8AA8-A47EFB765D38}.Debug|iPhone.Build.0 = Debug|Any CPU
		{86A88E44-02A7-427B-8AA8-A47EFB765D38}.Debug|iPhoneSimulator.ActiveCfg = Debug|Any CPU
		{86A88E44-02A7-427B-8AA8-A47EFB765D38}.Debug|iPhoneSimulator.Build.0 = Debug|Any CPU
		{86A88E44-02A7-427B-8AA8-A47EFB765D38}.Debug|x64.ActiveCfg = Debug|Any CPU
		{86A88E44-02A7-427B-8AA8-A47EFB765D38}.Debug|x64.Build.0 = Debug|Any CPU
		{86A88E44-02A7-427B-8AA8-A47EFB765D38}.Debug|x86.ActiveCfg = Debug|Any CPU
		{86A88E44-02A7-427B-8AA8-A47EFB765D38}.Debug|x86.Build.0 = Debug|Any CPU
		{86A88E44-02A7-427B-8AA8-A47EFB765D38}.Release|Any CPU.ActiveCfg = Release|Any CPU
		{86A88E44-02A7-427B-8AA8-A47EFB765D38}.Release|Any CPU.Build.0 = Release|Any CPU
		{86A88E44-02A7-427B-8AA8-A47EFB765D38}.Release|ARM.ActiveCfg = Release|Any CPU
		{86A88E44-02A7-427B-8AA8-A47EFB765D38}.Release|ARM.Build.0 = Release|Any CPU
		{86A88E44-02A7-427B-8AA8-A47EFB765D38}.Release|iPhone.ActiveCfg = Release|Any CPU
		{86A88E44-02A7-427B-8AA8-A47EFB765D38}.Release|iPhone.Build.0 = Release|Any CPU
		{86A88E44-02A7-427B-8AA8-A47EFB765D38}.Release|iPhoneSimulator.ActiveCfg = Release|Any CPU
		{86A88E44-02A7-427B-8AA8-A47EFB765D38}.Release|iPhoneSimulator.Build.0 = Release|Any CPU
		{86A88E44-02A7-427B-8AA8-A47EFB765D38}.Release|x64.ActiveCfg = Release|Any CPU
		{86A88E44-02A7-427B-8AA8-A47EFB765D38}.Release|x64.Build.0 = Release|Any CPU
		{86A88E44-02A7-427B-8AA8-A47EFB765D38}.Release|x86.ActiveCfg = Release|Any CPU
		{86A88E44-02A7-427B-8AA8-A47EFB765D38}.Release|x86.Build.0 = Release|Any CPU
		{AF6855F8-E22B-4F7C-AA3C-B28D09F18A02}.Debug|Any CPU.ActiveCfg = Debug|x86
		{AF6855F8-E22B-4F7C-AA3C-B28D09F18A02}.Debug|ARM.ActiveCfg = Debug|ARM
		{AF6855F8-E22B-4F7C-AA3C-B28D09F18A02}.Debug|ARM.Build.0 = Debug|ARM
		{AF6855F8-E22B-4F7C-AA3C-B28D09F18A02}.Debug|ARM.Deploy.0 = Debug|ARM
		{AF6855F8-E22B-4F7C-AA3C-B28D09F18A02}.Debug|iPhone.ActiveCfg = Debug|x86
		{AF6855F8-E22B-4F7C-AA3C-B28D09F18A02}.Debug|iPhoneSimulator.ActiveCfg = Debug|x86
		{AF6855F8-E22B-4F7C-AA3C-B28D09F18A02}.Debug|x64.ActiveCfg = Debug|x64
		{AF6855F8-E22B-4F7C-AA3C-B28D09F18A02}.Debug|x64.Build.0 = Debug|x64
		{AF6855F8-E22B-4F7C-AA3C-B28D09F18A02}.Debug|x64.Deploy.0 = Debug|x64
		{AF6855F8-E22B-4F7C-AA3C-B28D09F18A02}.Debug|x86.ActiveCfg = Debug|x86
		{AF6855F8-E22B-4F7C-AA3C-B28D09F18A02}.Debug|x86.Build.0 = Debug|x86
		{AF6855F8-E22B-4F7C-AA3C-B28D09F18A02}.Debug|x86.Deploy.0 = Debug|x86
		{AF6855F8-E22B-4F7C-AA3C-B28D09F18A02}.Release|Any CPU.ActiveCfg = Release|x86
		{AF6855F8-E22B-4F7C-AA3C-B28D09F18A02}.Release|ARM.ActiveCfg = Release|ARM
		{AF6855F8-E22B-4F7C-AA3C-B28D09F18A02}.Release|ARM.Build.0 = Release|ARM
		{AF6855F8-E22B-4F7C-AA3C-B28D09F18A02}.Release|ARM.Deploy.0 = Release|ARM
		{AF6855F8-E22B-4F7C-AA3C-B28D09F18A02}.Release|iPhone.ActiveCfg = Release|x86
		{AF6855F8-E22B-4F7C-AA3C-B28D09F18A02}.Release|iPhoneSimulator.ActiveCfg = Release|x86
		{AF6855F8-E22B-4F7C-AA3C-B28D09F18A02}.Release|x64.ActiveCfg = Release|x64
		{AF6855F8-E22B-4F7C-AA3C-B28D09F18A02}.Release|x64.Build.0 = Release|x64
		{AF6855F8-E22B-4F7C-AA3C-B28D09F18A02}.Release|x64.Deploy.0 = Release|x64
		{AF6855F8-E22B-4F7C-AA3C-B28D09F18A02}.Release|x86.ActiveCfg = Release|x86
		{AF6855F8-E22B-4F7C-AA3C-B28D09F18A02}.Release|x86.Build.0 = Release|x86
		{AF6855F8-E22B-4F7C-AA3C-B28D09F18A02}.Release|x86.Deploy.0 = Release|x86
		{2B7FA9FB-AD4F-427D-A08A-5297FC7CD9E1}.Debug|Any CPU.ActiveCfg = Debug|Any CPU
		{2B7FA9FB-AD4F-427D-A08A-5297FC7CD9E1}.Debug|Any CPU.Build.0 = Debug|Any CPU
		{2B7FA9FB-AD4F-427D-A08A-5297FC7CD9E1}.Debug|Any CPU.Deploy.0 = Debug|Any CPU
		{2B7FA9FB-AD4F-427D-A08A-5297FC7CD9E1}.Debug|ARM.ActiveCfg = Debug|Any CPU
		{2B7FA9FB-AD4F-427D-A08A-5297FC7CD9E1}.Debug|ARM.Build.0 = Debug|Any CPU
		{2B7FA9FB-AD4F-427D-A08A-5297FC7CD9E1}.Debug|ARM.Deploy.0 = Debug|Any CPU
		{2B7FA9FB-AD4F-427D-A08A-5297FC7CD9E1}.Debug|iPhone.ActiveCfg = Debug|Any CPU
		{2B7FA9FB-AD4F-427D-A08A-5297FC7CD9E1}.Debug|iPhone.Build.0 = Debug|Any CPU
		{2B7FA9FB-AD4F-427D-A08A-5297FC7CD9E1}.Debug|iPhone.Deploy.0 = Debug|Any CPU
		{2B7FA9FB-AD4F-427D-A08A-5297FC7CD9E1}.Debug|iPhoneSimulator.ActiveCfg = Debug|Any CPU
		{2B7FA9FB-AD4F-427D-A08A-5297FC7CD9E1}.Debug|iPhoneSimulator.Build.0 = Debug|Any CPU
		{2B7FA9FB-AD4F-427D-A08A-5297FC7CD9E1}.Debug|iPhoneSimulator.Deploy.0 = Debug|Any CPU
		{2B7FA9FB-AD4F-427D-A08A-5297FC7CD9E1}.Debug|x64.ActiveCfg = Debug|Any CPU
		{2B7FA9FB-AD4F-427D-A08A-5297FC7CD9E1}.Debug|x64.Build.0 = Debug|Any CPU
		{2B7FA9FB-AD4F-427D-A08A-5297FC7CD9E1}.Debug|x64.Deploy.0 = Debug|Any CPU
		{2B7FA9FB-AD4F-427D-A08A-5297FC7CD9E1}.Debug|x86.ActiveCfg = Debug|Any CPU
		{2B7FA9FB-AD4F-427D-A08A-5297FC7CD9E1}.Debug|x86.Build.0 = Debug|Any CPU
		{2B7FA9FB-AD4F-427D-A08A-5297FC7CD9E1}.Debug|x86.Deploy.0 = Debug|Any CPU
		{2B7FA9FB-AD4F-427D-A08A-5297FC7CD9E1}.Release|Any CPU.ActiveCfg = Release|Any CPU
		{2B7FA9FB-AD4F-427D-A08A-5297FC7CD9E1}.Release|Any CPU.Build.0 = Release|Any CPU
		{2B7FA9FB-AD4F-427D-A08A-5297FC7CD9E1}.Release|Any CPU.Deploy.0 = Release|Any CPU
		{2B7FA9FB-AD4F-427D-A08A-5297FC7CD9E1}.Release|ARM.ActiveCfg = Release|Any CPU
		{2B7FA9FB-AD4F-427D-A08A-5297FC7CD9E1}.Release|ARM.Build.0 = Release|Any CPU
		{2B7FA9FB-AD4F-427D-A08A-5297FC7CD9E1}.Release|ARM.Deploy.0 = Release|Any CPU
		{2B7FA9FB-AD4F-427D-A08A-5297FC7CD9E1}.Release|iPhone.ActiveCfg = Release|Any CPU
		{2B7FA9FB-AD4F-427D-A08A-5297FC7CD9E1}.Release|iPhone.Build.0 = Release|Any CPU
		{2B7FA9FB-AD4F-427D-A08A-5297FC7CD9E1}.Release|iPhone.Deploy.0 = Release|Any CPU
		{2B7FA9FB-AD4F-427D-A08A-5297FC7CD9E1}.Release|iPhoneSimulator.ActiveCfg = Release|Any CPU
		{2B7FA9FB-AD4F-427D-A08A-5297FC7CD9E1}.Release|iPhoneSimulator.Build.0 = Release|Any CPU
		{2B7FA9FB-AD4F-427D-A08A-5297FC7CD9E1}.Release|iPhoneSimulator.Deploy.0 = Release|Any CPU
		{2B7FA9FB-AD4F-427D-A08A-5297FC7CD9E1}.Release|x64.ActiveCfg = Release|Any CPU
		{2B7FA9FB-AD4F-427D-A08A-5297FC7CD9E1}.Release|x64.Build.0 = Release|Any CPU
		{2B7FA9FB-AD4F-427D-A08A-5297FC7CD9E1}.Release|x64.Deploy.0 = Release|Any CPU
		{2B7FA9FB-AD4F-427D-A08A-5297FC7CD9E1}.Release|x86.ActiveCfg = Release|Any CPU
		{2B7FA9FB-AD4F-427D-A08A-5297FC7CD9E1}.Release|x86.Build.0 = Release|Any CPU
		{2B7FA9FB-AD4F-427D-A08A-5297FC7CD9E1}.Release|x86.Deploy.0 = Release|Any CPU
		{7E16735C-6EA4-4154-B9BE-0E2036F92B0A}.Debug|Any CPU.ActiveCfg = Debug|iPhone
		{7E16735C-6EA4-4154-B9BE-0E2036F92B0A}.Debug|ARM.ActiveCfg = Debug|iPhone
		{7E16735C-6EA4-4154-B9BE-0E2036F92B0A}.Debug|iPhone.ActiveCfg = Debug|iPhone
		{7E16735C-6EA4-4154-B9BE-0E2036F92B0A}.Debug|iPhone.Build.0 = Debug|iPhone
		{7E16735C-6EA4-4154-B9BE-0E2036F92B0A}.Debug|iPhoneSimulator.ActiveCfg = Debug|iPhoneSimulator
		{7E16735C-6EA4-4154-B9BE-0E2036F92B0A}.Debug|iPhoneSimulator.Build.0 = Debug|iPhoneSimulator
		{7E16735C-6EA4-4154-B9BE-0E2036F92B0A}.Debug|x64.ActiveCfg = Debug|iPhone
		{7E16735C-6EA4-4154-B9BE-0E2036F92B0A}.Debug|x86.ActiveCfg = Debug|iPhone
		{7E16735C-6EA4-4154-B9BE-0E2036F92B0A}.Release|Any CPU.ActiveCfg = Release|iPhone
		{7E16735C-6EA4-4154-B9BE-0E2036F92B0A}.Release|ARM.ActiveCfg = Release|iPhone
		{7E16735C-6EA4-4154-B9BE-0E2036F92B0A}.Release|iPhone.ActiveCfg = Release|iPhone
		{7E16735C-6EA4-4154-B9BE-0E2036F92B0A}.Release|iPhone.Build.0 = Release|iPhone
		{7E16735C-6EA4-4154-B9BE-0E2036F92B0A}.Release|iPhoneSimulator.ActiveCfg = Release|iPhoneSimulator
		{7E16735C-6EA4-4154-B9BE-0E2036F92B0A}.Release|iPhoneSimulator.Build.0 = Release|iPhoneSimulator
		{7E16735C-6EA4-4154-B9BE-0E2036F92B0A}.Release|x64.ActiveCfg = Release|iPhone
		{7E16735C-6EA4-4154-B9BE-0E2036F92B0A}.Release|x86.ActiveCfg = Release|iPhone
		{0812F701-8B42-4A17-B08C-71F18286B7F2}.Debug|Any CPU.ActiveCfg = Debug|Any CPU
		{0812F701-8B42-4A17-B08C-71F18286B7F2}.Debug|Any CPU.Build.0 = Debug|Any CPU
		{0812F701-8B42-4A17-B08C-71F18286B7F2}.Debug|ARM.ActiveCfg = Debug|Any CPU
		{0812F701-8B42-4A17-B08C-71F18286B7F2}.Debug|ARM.Build.0 = Debug|Any CPU
		{0812F701-8B42-4A17-B08C-71F18286B7F2}.Debug|iPhone.ActiveCfg = Debug|Any CPU
		{0812F701-8B42-4A17-B08C-71F18286B7F2}.Debug|iPhone.Build.0 = Debug|Any CPU
		{0812F701-8B42-4A17-B08C-71F18286B7F2}.Debug|iPhoneSimulator.ActiveCfg = Debug|Any CPU
		{0812F701-8B42-4A17-B08C-71F18286B7F2}.Debug|iPhoneSimulator.Build.0 = Debug|Any CPU
		{0812F701-8B42-4A17-B08C-71F18286B7F2}.Debug|x64.ActiveCfg = Debug|Any CPU
		{0812F701-8B42-4A17-B08C-71F18286B7F2}.Debug|x64.Build.0 = Debug|Any CPU
		{0812F701-8B42-4A17-B08C-71F18286B7F2}.Debug|x86.ActiveCfg = Debug|Any CPU
		{0812F701-8B42-4A17-B08C-71F18286B7F2}.Debug|x86.Build.0 = Debug|Any CPU
		{0812F701-8B42-4A17-B08C-71F18286B7F2}.Release|Any CPU.ActiveCfg = Release|Any CPU
		{0812F701-8B42-4A17-B08C-71F18286B7F2}.Release|Any CPU.Build.0 = Release|Any CPU
		{0812F701-8B42-4A17-B08C-71F18286B7F2}.Release|ARM.ActiveCfg = Release|Any CPU
		{0812F701-8B42-4A17-B08C-71F18286B7F2}.Release|ARM.Build.0 = Release|Any CPU
		{0812F701-8B42-4A17-B08C-71F18286B7F2}.Release|iPhone.ActiveCfg = Release|Any CPU
		{0812F701-8B42-4A17-B08C-71F18286B7F2}.Release|iPhone.Build.0 = Release|Any CPU
		{0812F701-8B42-4A17-B08C-71F18286B7F2}.Release|iPhoneSimulator.ActiveCfg = Release|Any CPU
		{0812F701-8B42-4A17-B08C-71F18286B7F2}.Release|iPhoneSimulator.Build.0 = Release|Any CPU
		{0812F701-8B42-4A17-B08C-71F18286B7F2}.Release|x64.ActiveCfg = Release|Any CPU
		{0812F701-8B42-4A17-B08C-71F18286B7F2}.Release|x64.Build.0 = Release|Any CPU
		{0812F701-8B42-4A17-B08C-71F18286B7F2}.Release|x86.ActiveCfg = Release|Any CPU
		{0812F701-8B42-4A17-B08C-71F18286B7F2}.Release|x86.Build.0 = Release|Any CPU
	EndGlobalSection
	GlobalSection(SolutionProperties) = preSolution
		HideSolutionNode = FALSE
	EndGlobalSection
	GlobalSection(NestedProjects) = preSolution
		{86A88E44-02A7-427B-8AA8-A47EFB765D38} = {B0931FE5-2243-4DE9-8FC0-74AAAD852D91}
		{AF6855F8-E22B-4F7C-AA3C-B28D09F18A02} = {F472EAD4-E2E1-444B-BD3C-71FCEF57573B}
		{2B7FA9FB-AD4F-427D-A08A-5297FC7CD9E1} = {F472EAD4-E2E1-444B-BD3C-71FCEF57573B}
		{7E16735C-6EA4-4154-B9BE-0E2036F92B0A} = {F472EAD4-E2E1-444B-BD3C-71FCEF57573B}
		{0812F701-8B42-4A17-B08C-71F18286B7F2} = {F472EAD4-E2E1-444B-BD3C-71FCEF57573B}
	EndGlobalSection
	GlobalSection(ExtensibilityGlobals) = postSolution
		SolutionGuid = {63F3FAD2-B642-490E-A7BE-EF0BD13EEB9F}
	EndGlobalSection
EndGlobal
